
Microsoft Visual Studio Solution File, Format Version 12.00
# Visual Studio Version 17
VisualStudioVersion = 17.10.35013.160
MinimumVisualStudioVersion = 10.0.40219.1
Project("{FAE04EC0-301F-11D3-BF4B-00C04F79EFBC}") = "WPF-Fancy-CRUD", "WPF-Fancy-CRUD.csproj", "{EC7B363B-07C0-4235-9E65-2009F5D80BDF}"
EndProject
Global
	GlobalSection(SolutionConfigurationPlatforms) = preSolution
		Debug|Any CPU = Debug|Any CPU
		Release|Any CPU = Release|Any CPU
	EndGlobalSection
	GlobalSection(ProjectConfigurationPlatforms) = postSolution
		{EC7B363B-07C0-4235-9E65-2009F5D80BDF}.Debug|Any CPU.ActiveCfg = Debug|Any CPU
		{EC7B363B-07C0-4235-9E65-2009F5D80BDF}.Debug|Any CPU.Build.0 = Debug|Any CPU
		{EC7B363B-07C0-4235-9E65-2009F5D80BDF}.Release|Any CPU.ActiveCfg = Release|Any CPU
		{EC7B363B-07C0-4235-9E65-2009F5D80BDF}.Release|Any CPU.Build.0 = Release|Any CPU
	EndGlobalSection
	GlobalSection(SolutionProperties) = preSolution
		HideSolutionNode = FALSE
	EndGlobalSection
	GlobalSection(ExtensibilityGlobals) = postSolution
		SolutionGuid = {1561AA70-FBC7-4DE0-8322-CD28E78601D9}
	EndGlobalSection
EndGlobal
